// !$*UTF8*$!
{
	archiveVersion = 1;
	classes = {
	};
	objectVersion = 46;
	objects = {

/* Begin PBXBuildFile section */
		45177EBD1BF1CB7C00D6A8AC /* AppDelegate.swift in Sources */ = {isa = PBXBuildFile; fileRef = 45177EBC1BF1CB7C00D6A8AC /* AppDelegate.swift */; };
		45177EBF1BF1CB7C00D6A8AC /* ViewController.swift in Sources */ = {isa = PBXBuildFile; fileRef = 45177EBE1BF1CB7C00D6A8AC /* ViewController.swift */; };
		45177EC41BF1CB7C00D6A8AC /* Assets.xcassets in Resources */ = {isa = PBXBuildFile; fileRef = 45177EC31BF1CB7C00D6A8AC /* Assets.xcassets */; };
		45177EC71BF1CB7C00D6A8AC /* LaunchScreen.storyboard in Resources */ = {isa = PBXBuildFile; fileRef = 45177EC51BF1CB7C00D6A8AC /* LaunchScreen.storyboard */; };
		45177ED51BF1D82C00D6A8AC /* APIParameterTableViewCell.swift in Sources */ = {isa = PBXBuildFile; fileRef = 45177ED41BF1D82C00D6A8AC /* APIParameterTableViewCell.swift */; };
		45BA0CC71CCF51C8002B5B22 /* APIAddParameterFooterView.swift in Sources */ = {isa = PBXBuildFile; fileRef = 45BA0CC61CCF51C8002B5B22 /* APIAddParameterFooterView.swift */; };
		45BA0CCE1CCF671C002B5B22 /* icon_add_row.png in Resources */ = {isa = PBXBuildFile; fileRef = 45BA0CCD1CCF671C002B5B22 /* icon_add_row.png */; };
		45D8F22B1BF433A70011F906 /* group_tab_icon@3x.png in Resources */ = {isa = PBXBuildFile; fileRef = 45D8F22A1BF433A70011F906 /* group_tab_icon@3x.png */; };
		45D8F22D1BF4354F0011F906 /* APIHistoryViewController.swift in Sources */ = {isa = PBXBuildFile; fileRef = 45D8F22C1BF4354F0011F906 /* APIHistoryViewController.swift */; };
		45D8F22F1BF4371D0011F906 /* APIHistoryTableViewCell.swift in Sources */ = {isa = PBXBuildFile; fileRef = 45D8F22E1BF4371D0011F906 /* APIHistoryTableViewCell.swift */; };
		45D8F2331BF479220011F906 /* APIUtils.swift in Sources */ = {isa = PBXBuildFile; fileRef = 45D8F2321BF479220011F906 /* APIUtils.swift */; };
		45E403911C06EF2F00D40920 /* ReactiveCocoa.framework in Frameworks */ = {isa = PBXBuildFile; fileRef = 45E4038F1C06EF2F00D40920 /* ReactiveCocoa.framework */; };
		45E403921C06EF2F00D40920 /* ReactiveCocoa.framework in Embed Frameworks */ = {isa = PBXBuildFile; fileRef = 45E4038F1C06EF2F00D40920 /* ReactiveCocoa.framework */; settings = {ATTRIBUTES = (CodeSignOnCopy, RemoveHeadersOnCopy, ); }; };
		45E403931C06EF2F00D40920 /* Result.framework in Frameworks */ = {isa = PBXBuildFile; fileRef = 45E403901C06EF2F00D40920 /* Result.framework */; };
		45E403941C06EF2F00D40920 /* Result.framework in Embed Frameworks */ = {isa = PBXBuildFile; fileRef = 45E403901C06EF2F00D40920 /* Result.framework */; settings = {ATTRIBUTES = (CodeSignOnCopy, RemoveHeadersOnCopy, ); }; };
		45EFFBD21BF2CA80003C5579 /* APIMethodURLTableHeaderView.swift in Sources */ = {isa = PBXBuildFile; fileRef = 45EFFBD11BF2CA80003C5579 /* APIMethodURLTableHeaderView.swift */; };
		45EFFBD41BF30604003C5579 /* APIResultViewController.swift in Sources */ = {isa = PBXBuildFile; fileRef = 45EFFBD31BF30604003C5579 /* APIResultViewController.swift */; };
		45F2F79E1CD04CE500EA4AFF /* APIParameter.swift in Sources */ = {isa = PBXBuildFile; fileRef = 45F2F79D1CD04CE500EA4AFF /* APIParameter.swift */; };
/* End PBXBuildFile section */

/* Begin PBXCopyFilesBuildPhase section */
		45E403851C06E2D400D40920 /* Embed Frameworks */ = {
			isa = PBXCopyFilesBuildPhase;
			buildActionMask = 2147483647;
			dstPath = "";
			dstSubfolderSpec = 10;
			files = (
				45E403921C06EF2F00D40920 /* ReactiveCocoa.framework in Embed Frameworks */,
				45E403941C06EF2F00D40920 /* Result.framework in Embed Frameworks */,
			);
			name = "Embed Frameworks";
			runOnlyForDeploymentPostprocessing = 0;
		};
/* End PBXCopyFilesBuildPhase section */

/* Begin PBXFileReference section */
		45177EB91BF1CB7C00D6A8AC /* APITool.app */ = {isa = PBXFileReference; explicitFileType = wrapper.application; includeInIndex = 0; path = APITool.app; sourceTree = BUILT_PRODUCTS_DIR; };
		45177EBC1BF1CB7C00D6A8AC /* AppDelegate.swift */ = {isa = PBXFileReference; lastKnownFileType = sourcecode.swift; path = AppDelegate.swift; sourceTree = "<group>"; };
		45177EBE1BF1CB7C00D6A8AC /* ViewController.swift */ = {isa = PBXFileReference; lastKnownFileType = sourcecode.swift; path = ViewController.swift; sourceTree = "<group>"; };
		45177EC31BF1CB7C00D6A8AC /* Assets.xcassets */ = {isa = PBXFileReference; lastKnownFileType = folder.assetcatalog; path = Assets.xcassets; sourceTree = "<group>"; };
		45177EC61BF1CB7C00D6A8AC /* Base */ = {isa = PBXFileReference; lastKnownFileType = file.storyboard; name = Base; path = Base.lproj/LaunchScreen.storyboard; sourceTree = "<group>"; };
		45177EC81BF1CB7C00D6A8AC /* Info.plist */ = {isa = PBXFileReference; lastKnownFileType = text.plist.xml; path = Info.plist; sourceTree = "<group>"; };
		45177ED41BF1D82C00D6A8AC /* APIParameterTableViewCell.swift */ = {isa = PBXFileReference; fileEncoding = 4; lastKnownFileType = sourcecode.swift; path = APIParameterTableViewCell.swift; sourceTree = "<group>"; };
		45BA0CC61CCF51C8002B5B22 /* APIAddParameterFooterView.swift */ = {isa = PBXFileReference; fileEncoding = 4; lastKnownFileType = sourcecode.swift; path = APIAddParameterFooterView.swift; sourceTree = "<group>"; };
		45BA0CCD1CCF671C002B5B22 /* icon_add_row.png */ = {isa = PBXFileReference; lastKnownFileType = image.png; path = icon_add_row.png; sourceTree = "<group>"; };
		45D8F22A1BF433A70011F906 /* group_tab_icon@3x.png */ = {isa = PBXFileReference; lastKnownFileType = image.png; path = "group_tab_icon@3x.png"; sourceTree = "<group>"; };
		45D8F22C1BF4354F0011F906 /* APIHistoryViewController.swift */ = {isa = PBXFileReference; fileEncoding = 4; lastKnownFileType = sourcecode.swift; path = APIHistoryViewController.swift; sourceTree = "<group>"; };
		45D8F22E1BF4371D0011F906 /* APIHistoryTableViewCell.swift */ = {isa = PBXFileReference; fileEncoding = 4; lastKnownFileType = sourcecode.swift; path = APIHistoryTableViewCell.swift; sourceTree = "<group>"; };
		45D8F2321BF479220011F906 /* APIUtils.swift */ = {isa = PBXFileReference; fileEncoding = 4; lastKnownFileType = sourcecode.swift; path = APIUtils.swift; sourceTree = "<group>"; };
		45E403801C06E2B200D40920 /* ReactiveCocoa.framework */ = {isa = PBXFileReference; lastKnownFileType = wrapper.framework; name = ReactiveCocoa.framework; path = Carthage/Build/iOS/ReactiveCocoa.framework; sourceTree = "<group>"; };
		45E4038F1C06EF2F00D40920 /* ReactiveCocoa.framework */ = {isa = PBXFileReference; lastKnownFileType = wrapper.framework; name = ReactiveCocoa.framework; path = Carthage/Build/iOS/ReactiveCocoa.framework; sourceTree = "<group>"; };
		45E403901C06EF2F00D40920 /* Result.framework */ = {isa = PBXFileReference; lastKnownFileType = wrapper.framework; name = Result.framework; path = Carthage/Build/iOS/Result.framework; sourceTree = "<group>"; };
		45EFFBD11BF2CA80003C5579 /* APIMethodURLTableHeaderView.swift */ = {isa = PBXFileReference; fileEncoding = 4; lastKnownFileType = sourcecode.swift; path = APIMethodURLTableHeaderView.swift; sourceTree = "<group>"; };
		45EFFBD31BF30604003C5579 /* APIResultViewController.swift */ = {isa = PBXFileReference; fileEncoding = 4; lastKnownFileType = sourcecode.swift; path = APIResultViewController.swift; sourceTree = "<group>"; };
		45F2F79D1CD04CE500EA4AFF /* APIParameter.swift */ = {isa = PBXFileReference; fileEncoding = 4; lastKnownFileType = sourcecode.swift; path = APIParameter.swift; sourceTree = "<group>"; };
/* End PBXFileReference section */

/* Begin PBXFrameworksBuildPhase section */
		45177EB61BF1CB7C00D6A8AC /* Frameworks */ = {
			isa = PBXFrameworksBuildPhase;
			buildActionMask = 2147483647;
			files = (
				45E403911C06EF2F00D40920 /* ReactiveCocoa.framework in Frameworks */,
				45E403931C06EF2F00D40920 /* Result.framework in Frameworks */,
			);
			runOnlyForDeploymentPostprocessing = 0;
		};
/* End PBXFrameworksBuildPhase section */

/* Begin PBXGroup section */
		450261571C1122AD00C55A23 /* Utils */ = {
			isa = PBXGroup;
			children = (
				45D8F2321BF479220011F906 /* APIUtils.swift */,
			);
			name = Utils;
			sourceTree = "<group>";
		};
		45177EB01BF1CB7C00D6A8AC = {
			isa = PBXGroup;
			children = (
				45E4038F1C06EF2F00D40920 /* ReactiveCocoa.framework */,
				45E403901C06EF2F00D40920 /* Result.framework */,
				45177EBB1BF1CB7C00D6A8AC /* APITool */,
				45177EBA1BF1CB7C00D6A8AC /* Products */,
				5997871E9DFBBC0F29C1FEB7 /* Frameworks */,
			);
			sourceTree = "<group>";
		};
		45177EBA1BF1CB7C00D6A8AC /* Products */ = {
			isa = PBXGroup;
			children = (
				45177EB91BF1CB7C00D6A8AC /* APITool.app */,
			);
			name = Products;
			sourceTree = "<group>";
		};
		45177EBB1BF1CB7C00D6A8AC /* APITool */ = {
			isa = PBXGroup;
			children = (
				45BA0CCB1CCF6710002B5B22 /* Resources */,
				45BA0CCA1CCF51EC002B5B22 /* Models */,
				45BA0CC91CCF51DF002B5B22 /* Controllers */,
				45BA0CC81CCF51D0002B5B22 /* Views */,
				450261571C1122AD00C55A23 /* Utils */,
				45177EBC1BF1CB7C00D6A8AC /* AppDelegate.swift */,
				45177EC31BF1CB7C00D6A8AC /* Assets.xcassets */,
				45177EC51BF1CB7C00D6A8AC /* LaunchScreen.storyboard */,
				45177EC81BF1CB7C00D6A8AC /* Info.plist */,
			);
			path = APITool;
			sourceTree = "<group>";
		};
		45BA0CC81CCF51D0002B5B22 /* Views */ = {
			isa = PBXGroup;
			children = (
				45BA0CC61CCF51C8002B5B22 /* APIAddParameterFooterView.swift */,
				45EFFBD11BF2CA80003C5579 /* APIMethodURLTableHeaderView.swift */,
				45D8F22E1BF4371D0011F906 /* APIHistoryTableViewCell.swift */,
				45177ED41BF1D82C00D6A8AC /* APIParameterTableViewCell.swift */,
			);
			name = Views;
			sourceTree = "<group>";
		};
		45BA0CC91CCF51DF002B5B22 /* Controllers */ = {
			isa = PBXGroup;
			children = (
				45177EBE1BF1CB7C00D6A8AC /* ViewController.swift */,
				45D8F22C1BF4354F0011F906 /* APIHistoryViewController.swift */,
				45EFFBD31BF30604003C5579 /* APIResultViewController.swift */,
			);
			name = Controllers;
			sourceTree = "<group>";
		};
		45BA0CCA1CCF51EC002B5B22 /* Models */ = {
			isa = PBXGroup;
			children = (
				45F2F79D1CD04CE500EA4AFF /* APIParameter.swift */,
			);
			name = Models;
			sourceTree = "<group>";
		};
		45BA0CCB1CCF6710002B5B22 /* Resources */ = {
			isa = PBXGroup;
			children = (
				45BA0CCC1CCF6716002B5B22 /* Images */,
			);
			name = Resources;
			sourceTree = "<group>";
		};
		45BA0CCC1CCF6716002B5B22 /* Images */ = {
			isa = PBXGroup;
			children = (
				45D8F22A1BF433A70011F906 /* group_tab_icon@3x.png */,
				45BA0CCD1CCF671C002B5B22 /* icon_add_row.png */,
			);
			name = Images;
			sourceTree = "<group>";
		};
		5997871E9DFBBC0F29C1FEB7 /* Frameworks */ = {
			isa = PBXGroup;
			children = (
				45E403801C06E2B200D40920 /* ReactiveCocoa.framework */,
			);
			name = Frameworks;
			sourceTree = "<group>";
		};
/* End PBXGroup section */

/* Begin PBXNativeTarget section */
		45177EB81BF1CB7C00D6A8AC /* APITool */ = {
			isa = PBXNativeTarget;
			buildConfigurationList = 45177ECB1BF1CB7C00D6A8AC /* Build configuration list for PBXNativeTarget "APITool" */;
			buildPhases = (
				45177EB51BF1CB7C00D6A8AC /* Sources */,
				45177EB61BF1CB7C00D6A8AC /* Frameworks */,
				45177EB71BF1CB7C00D6A8AC /* Resources */,
				45E403851C06E2D400D40920 /* Embed Frameworks */,
			);
			buildRules = (
			);
			dependencies = (
			);
			name = APITool;
			productName = APITool;
			productReference = 45177EB91BF1CB7C00D6A8AC /* APITool.app */;
			productType = "com.apple.product-type.application";
		};
/* End PBXNativeTarget section */

/* Begin PBXProject section */
		45177EB11BF1CB7C00D6A8AC /* Project object */ = {
			isa = PBXProject;
			attributes = {
				LastSwiftUpdateCheck = 0710;
				LastUpgradeCheck = 0710;
				ORGANIZATIONNAME = Boris;
				TargetAttributes = {
					45177EB81BF1CB7C00D6A8AC = {
						CreatedOnToolsVersion = 7.1;
						DevelopmentTeam = R8SXHLJ4HE;
					};
				};
			};
			buildConfigurationList = 45177EB41BF1CB7C00D6A8AC /* Build configuration list for PBXProject "APITool" */;
			compatibilityVersion = "Xcode 3.2";
			developmentRegion = English;
			hasScannedForEncodings = 0;
			knownRegions = (
				en,
				Base,
			);
			mainGroup = 45177EB01BF1CB7C00D6A8AC;
			productRefGroup = 45177EBA1BF1CB7C00D6A8AC /* Products */;
			projectDirPath = "";
			projectRoot = "";
			targets = (
				45177EB81BF1CB7C00D6A8AC /* APITool */,
			);
		};
/* End PBXProject section */

/* Begin PBXResourcesBuildPhase section */
		45177EB71BF1CB7C00D6A8AC /* Resources */ = {
			isa = PBXResourcesBuildPhase;
			buildActionMask = 2147483647;
			files = (
				45177EC71BF1CB7C00D6A8AC /* LaunchScreen.storyboard in Resources */,
				45D8F22B1BF433A70011F906 /* group_tab_icon@3x.png in Resources */,
				45177EC41BF1CB7C00D6A8AC /* Assets.xcassets in Resources */,
				45BA0CCE1CCF671C002B5B22 /* icon_add_row.png in Resources */,
			);
			runOnlyForDeploymentPostprocessing = 0;
		};
/* End PBXResourcesBuildPhase section */

/* Begin PBXSourcesBuildPhase section */
		45177EB51BF1CB7C00D6A8AC /* Sources */ = {
			isa = PBXSourcesBuildPhase;
			buildActionMask = 2147483647;
			files = (
				45D8F22D1BF4354F0011F906 /* APIHistoryViewController.swift in Sources */,
				45177ED51BF1D82C00D6A8AC /* APIParameterTableViewCell.swift in Sources */,
				45177EBF1BF1CB7C00D6A8AC /* ViewController.swift in Sources */,
				45177EBD1BF1CB7C00D6A8AC /* AppDelegate.swift in Sources */,
				45D8F2331BF479220011F906 /* APIUtils.swift in Sources */,
				45BA0CC71CCF51C8002B5B22 /* APIAddParameterFooterView.swift in Sources */,
				45F2F79E1CD04CE500EA4AFF /* APIParameter.swift in Sources */,
				45EFFBD21BF2CA80003C5579 /* APIMethodURLTableHeaderView.swift in Sources */,
				45D8F22F1BF4371D0011F906 /* APIHistoryTableViewCell.swift in Sources */,
				45EFFBD41BF30604003C5579 /* APIResultViewController.swift in Sources */,
			);
			runOnlyForDeploymentPostprocessing = 0;
		};
/* End PBXSourcesBuildPhase section */

/* Begin PBXVariantGroup section */
		45177EC51BF1CB7C00D6A8AC /* LaunchScreen.storyboard */ = {
			isa = PBXVariantGroup;
			children = (
				45177EC61BF1CB7C00D6A8AC /* Base */,
			);
			name = LaunchScreen.storyboard;
			sourceTree = "<group>";
		};
/* End PBXVariantGroup section */

/* Begin XCBuildConfiguration section */
		45177EC91BF1CB7C00D6A8AC /* Debug */ = {
			isa = XCBuildConfiguration;
			buildSettings = {
				ALWAYS_SEARCH_USER_PATHS = NO;
				CLANG_CXX_LANGUAGE_STANDARD = "gnu++0x";
				CLANG_CXX_LIBRARY = "libc++";
				CLANG_ENABLE_MODULES = YES;
				CLANG_ENABLE_OBJC_ARC = YES;
				CLANG_WARN_BOOL_CONVERSION = YES;
				CLANG_WARN_CONSTANT_CONVERSION = YES;
				CLANG_WARN_DIRECT_OBJC_ISA_USAGE = YES_ERROR;
				CLANG_WARN_EMPTY_BODY = YES;
				CLANG_WARN_ENUM_CONVERSION = YES;
				CLANG_WARN_INT_CONVERSION = YES;
				CLANG_WARN_OBJC_ROOT_CLASS = YES_ERROR;
				CLANG_WARN_UNREACHABLE_CODE = YES;
				CLANG_WARN__DUPLICATE_METHOD_MATCH = YES;
				"CODE_SIGN_IDENTITY[sdk=iphoneos*]" = "iPhone Developer";
				COPY_PHASE_STRIP = NO;
				DEBUG_INFORMATION_FORMAT = dwarf;
				ENABLE_STRICT_OBJC_MSGSEND = YES;
				ENABLE_TESTABILITY = YES;
				GCC_C_LANGUAGE_STANDARD = gnu99;
				GCC_DYNAMIC_NO_PIC = NO;
				GCC_NO_COMMON_BLOCKS = YES;
				GCC_OPTIMIZATION_LEVEL = 0;
				GCC_PREPROCESSOR_DEFINITIONS = (
					"DEBUG=1",
					"$(inherited)",
				);
				GCC_WARN_64_TO_32_BIT_CONVERSION = YES;
				GCC_WARN_ABOUT_RETURN_TYPE = YES_ERROR;
				GCC_WARN_UNDECLARED_SELECTOR = YES;
				GCC_WARN_UNINITIALIZED_AUTOS = YES_AGGRESSIVE;
				GCC_WARN_UNUSED_FUNCTION = YES;
				GCC_WARN_UNUSED_VARIABLE = YES;
				IPHONEOS_DEPLOYMENT_TARGET = 9.1;
				MTL_ENABLE_DEBUG_INFO = YES;
				ONLY_ACTIVE_ARCH = YES;
				SDKROOT = iphoneos;
				SWIFT_OPTIMIZATION_LEVEL = "-Onone";
				TARGETED_DEVICE_FAMILY = "1,2";
			};
			name = Debug;
		};
		45177ECA1BF1CB7C00D6A8AC /* Release */ = {
			isa = XCBuildConfiguration;
			buildSettings = {
				ALWAYS_SEARCH_USER_PATHS = NO;
				CLANG_CXX_LANGUAGE_STANDARD = "gnu++0x";
				CLANG_CXX_LIBRARY = "libc++";
				CLANG_ENABLE_MODULES = YES;
				CLANG_ENABLE_OBJC_ARC = YES;
				CLANG_WARN_BOOL_CONVERSION = YES;
				CLANG_WARN_CONSTANT_CONVERSION = YES;
				CLANG_WARN_DIRECT_OBJC_ISA_USAGE = YES_ERROR;
				CLANG_WARN_EMPTY_BODY = YES;
				CLANG_WARN_ENUM_CONVERSION = YES;
				CLANG_WARN_INT_CONVERSION = YES;
				CLANG_WARN_OBJC_ROOT_CLASS = YES_ERROR;
				CLANG_WARN_UNREACHABLE_CODE = YES;
				CLANG_WARN__DUPLICATE_METHOD_MATCH = YES;
				"CODE_SIGN_IDENTITY[sdk=iphoneos*]" = "iPhone Developer";
				COPY_PHASE_STRIP = NO;
				DEBUG_INFORMATION_FORMAT = "dwarf-with-dsym";
				ENABLE_NS_ASSERTIONS = NO;
				ENABLE_STRICT_OBJC_MSGSEND = YES;
				GCC_C_LANGUAGE_STANDARD = gnu99;
				GCC_NO_COMMON_BLOCKS = YES;
				GCC_WARN_64_TO_32_BIT_CONVERSION = YES;
				GCC_WARN_ABOUT_RETURN_TYPE = YES_ERROR;
				GCC_WARN_UNDECLARED_SELECTOR = YES;
				GCC_WARN_UNINITIALIZED_AUTOS = YES_AGGRESSIVE;
				GCC_WARN_UNUSED_FUNCTION = YES;
				GCC_WARN_UNUSED_VARIABLE = YES;
				IPHONEOS_DEPLOYMENT_TARGET = 9.1;
				MTL_ENABLE_DEBUG_INFO = NO;
				SDKROOT = iphoneos;
				TARGETED_DEVICE_FAMILY = "1,2";
				VALIDATE_PRODUCT = YES;
			};
			name = Release;
		};
		45177ECC1BF1CB7C00D6A8AC /* Debug */ = {
			isa = XCBuildConfiguration;
			buildSettings = {
				ASSETCATALOG_COMPILER_APPICON_NAME = AppIcon;
				CODE_SIGN_IDENTITY = "iPhone Developer";
				FRAMEWORK_SEARCH_PATHS = (
					"$(inherited)",
					"$(PROJECT_DIR)/Carthage/Build/iOS",
				);
				INFOPLIST_FILE = APITool/Info.plist;
				IPHONEOS_DEPLOYMENT_TARGET = 9.0;
				LD_RUNPATH_SEARCH_PATHS = "$(inherited) @executable_path/Frameworks";
				PRODUCT_BUNDLE_IDENTIFIER = boris.APITool;
				PRODUCT_NAME = "$(TARGET_NAME)";
				TARGETED_DEVICE_FAMILY = 1;
			};
			name = Debug;
		};
		45177ECD1BF1CB7C00D6A8AC /* Release */ = {
			isa = XCBuildConfiguration;
			buildSettings = {
				ASSETCATALOG_COMPILER_APPICON_NAME = AppIcon;
				CODE_SIGN_IDENTITY = "iPhone Developer";
				FRAMEWORK_SEARCH_PATHS = (
					"$(inherited)",
					"$(PROJECT_DIR)/Carthage/Build/iOS",
				);
				INFOPLIST_FILE = APITool/Info.plist;
				IPHONEOS_DEPLOYMENT_TARGET = 9.0;
				LD_RUNPATH_SEARCH_PATHS = "$(inherited) @executable_path/Frameworks";
				PRODUCT_BUNDLE_IDENTIFIER = boris.APITool;
				PRODUCT_NAME = "$(TARGET_NAME)";
				TARGETED_DEVICE_FAMILY = 1;
			};
			name = Release;
		};
/* End XCBuildConfiguration section */

/* Begin XCConfigurationList section */
		45177EB41BF1CB7C00D6A8AC /* Build configuration list for PBXProject "APITool" */ = {
			isa = XCConfigurationList;
			buildConfigurations = (
				45177EC91BF1CB7C00D6A8AC /* Debug */,
				45177ECA1BF1CB7C00D6A8AC /* Release */,
			);
			defaultConfigurationIsVisible = 0;
			defaultConfigurationName = Release;
		};
		45177ECB1BF1CB7C00D6A8AC /* Build configuration list for PBXNativeTarget "APITool" */ = {
			isa = XCConfigurationList;
			buildConfigurations = (
				45177ECC1BF1CB7C00D6A8AC /* Debug */,
				45177ECD1BF1CB7C00D6A8AC /* Release */,
			);
			defaultConfigurationIsVisible = 0;
			defaultConfigurationName = Release;
		};
/* End XCConfigurationList section */
	};
	rootObject = 45177EB11BF1CB7C00D6A8AC /* Project object */;
}
